
Microsoft Visual Studio Solution File, Format Version 12.00
# Visual Studio Version 17
VisualStudioVersion = 17.5.002.0
MinimumVisualStudioVersion = 10.0.40219.1
Project("{9A19103F-16F7-4668-BE54-9A1E7A4F7556}") = "PersonalSite2024", "PersonalSite2024.csproj", "{875F961C-9750-4DA7-BC72-37072D5F1900}"
EndProject
Global
	GlobalSection(SolutionConfigurationPlatforms) = preSolution
		Debug|Any CPU = Debug|Any CPU
		Release|Any CPU = Release|Any CPU
	EndGlobalSection
	GlobalSection(ProjectConfigurationPlatforms) = postSolution
		{875F961C-9750-4DA7-BC72-37072D5F1900}.Debug|Any CPU.ActiveCfg = Debug|Any CPU
		{875F961C-9750-4DA7-BC72-37072D5F1900}.Debug|Any CPU.Build.0 = Debug|Any CPU
		{875F961C-9750-4DA7-BC72-37072D5F1900}.Release|Any CPU.ActiveCfg = Release|Any CPU
		{875F961C-9750-4DA7-BC72-37072D5F1900}.Release|Any CPU.Build.0 = Release|Any CPU
	EndGlobalSection
	GlobalSection(SolutionProperties) = preSolution
		HideSolutionNode = FALSE
	EndGlobalSection
	GlobalSection(ExtensibilityGlobals) = postSolution
		SolutionGuid = {29305DEA-D43A-4CCE-804E-6A8AAEC74B83}
	EndGlobalSection
EndGlobal
